// !$*UTF8*$!
{
	archiveVersion = 1;
	classes = {
	};
	objectVersion = 46;
	objects = {

/* Begin PBXBuildFile section */
		835AEC8F1D80DD800046555C /* AppDelegate.swift in Sources */ = {isa = PBXBuildFile; fileRef = 835AEC8E1D80DD800046555C /* AppDelegate.swift */; };
		835AEC911D80DD800046555C /* ViewController.swift in Sources */ = {isa = PBXBuildFile; fileRef = 835AEC901D80DD800046555C /* ViewController.swift */; };
		835AEC941D80DD800046555C /* Main.storyboard in Resources */ = {isa = PBXBuildFile; fileRef = 835AEC921D80DD800046555C /* Main.storyboard */; };
		835AEC961D80DD800046555C /* Assets.xcassets in Resources */ = {isa = PBXBuildFile; fileRef = 835AEC951D80DD800046555C /* Assets.xcassets */; };
		835AECBD1D80ED8F0046555C /* RomanNumeral.swift in Sources */ = {isa = PBXBuildFile; fileRef = 835AECBC1D80ED8F0046555C /* RomanNumeral.swift */; };
		A91340121DE008F2005ED9CA /* LaunchScreen.xib in Resources */ = {isa = PBXBuildFile; fileRef = A91340101DE008F2005ED9CA /* LaunchScreen.xib */; };
		AD57DE601E95520F0030F52A /* RomanNumeralCalculatorTests.swift in Sources */ = {isa = PBXBuildFile; fileRef = AD57DE5F1E95520E0030F52A /* RomanNumeralCalculatorTests.swift */; };
		AD57DE6E1E9552190030F52A /* RomanNumeralCalculatorUITests.swift in Sources */ = {isa = PBXBuildFile; fileRef = AD57DE6D1E9552190030F52A /* RomanNumeralCalculatorUITests.swift */; };
/* End PBXBuildFile section */

/* Begin PBXContainerItemProxy section */
		AD57DE621E95520F0030F52A /* PBXContainerItemProxy */ = {
			isa = PBXContainerItemProxy;
			containerPortal = 835AEC831D80DD7F0046555C /* Project object */;
			proxyType = 1;
			remoteGlobalIDString = 835AEC8A1D80DD7F0046555C;
			remoteInfo = RomanNumeralCalculator;
		};
		AD57DE701E9552190030F52A /* PBXContainerItemProxy */ = {
			isa = PBXContainerItemProxy;
			containerPortal = 835AEC831D80DD7F0046555C /* Project object */;
			proxyType = 1;
			remoteGlobalIDString = 835AEC8A1D80DD7F0046555C;
			remoteInfo = RomanNumeralCalculator;
		};
/* End PBXContainerItemProxy section */

/* Begin PBXFileReference section */
		835AEC8B1D80DD800046555C /* RomanNumeralCalculator.app */ = {isa = PBXFileReference; explicitFileType = wrapper.application; includeInIndex = 0; path = RomanNumeralCalculator.app; sourceTree = BUILT_PRODUCTS_DIR; };
		835AEC8E1D80DD800046555C /* AppDelegate.swift */ = {isa = PBXFileReference; lastKnownFileType = sourcecode.swift; path = AppDelegate.swift; sourceTree = "<group>"; };
		835AEC901D80DD800046555C /* ViewController.swift */ = {isa = PBXFileReference; lastKnownFileType = sourcecode.swift; path = ViewController.swift; sourceTree = "<group>"; };
		835AEC931D80DD800046555C /* Base */ = {isa = PBXFileReference; lastKnownFileType = file.storyboard; name = Base; path = Base.lproj/Main.storyboard; sourceTree = "<group>"; };
		835AEC951D80DD800046555C /* Assets.xcassets */ = {isa = PBXFileReference; lastKnownFileType = folder.assetcatalog; path = Assets.xcassets; sourceTree = "<group>"; };
		835AEC9A1D80DD800046555C /* Info.plist */ = {isa = PBXFileReference; lastKnownFileType = text.plist.xml; path = Info.plist; sourceTree = "<group>"; };
		835AECBC1D80ED8F0046555C /* RomanNumeral.swift */ = {isa = PBXFileReference; fileEncoding = 4; lastKnownFileType = sourcecode.swift; path = RomanNumeral.swift; sourceTree = "<group>"; };
		A91340111DE008F2005ED9CA /* Base */ = {isa = PBXFileReference; lastKnownFileType = file.xib; name = Base; path = Base.lproj/LaunchScreen.xib; sourceTree = "<group>"; };
		AD57DE5D1E95520E0030F52A /* RomanNumeralCalculatorTests.xctest */ = {isa = PBXFileReference; explicitFileType = wrapper.cfbundle; includeInIndex = 0; path = RomanNumeralCalculatorTests.xctest; sourceTree = BUILT_PRODUCTS_DIR; };
		AD57DE5F1E95520E0030F52A /* RomanNumeralCalculatorTests.swift */ = {isa = PBXFileReference; lastKnownFileType = sourcecode.swift; path = RomanNumeralCalculatorTests.swift; sourceTree = "<group>"; };
		AD57DE611E95520F0030F52A /* Info.plist */ = {isa = PBXFileReference; lastKnownFileType = text.plist.xml; path = Info.plist; sourceTree = "<group>"; };
		AD57DE6B1E9552190030F52A /* RomanNumeralCalculatorUITests.xctest */ = {isa = PBXFileReference; explicitFileType = wrapper.cfbundle; includeInIndex = 0; path = RomanNumeralCalculatorUITests.xctest; sourceTree = BUILT_PRODUCTS_DIR; };
		AD57DE6D1E9552190030F52A /* RomanNumeralCalculatorUITests.swift */ = {isa = PBXFileReference; lastKnownFileType = sourcecode.swift; path = RomanNumeralCalculatorUITests.swift; sourceTree = "<group>"; };
		AD57DE6F1E9552190030F52A /* Info.plist */ = {isa = PBXFileReference; lastKnownFileType = text.plist.xml; path = Info.plist; sourceTree = "<group>"; };
/* End PBXFileReference section */

/* Begin PBXFrameworksBuildPhase section */
		835AEC881D80DD7F0046555C /* Frameworks */ = {
			isa = PBXFrameworksBuildPhase;
			buildActionMask = 2147483647;
			files = (
			);
			runOnlyForDeploymentPostprocessing = 0;
		};
		AD57DE5A1E95520E0030F52A /* Frameworks */ = {
			isa = PBXFrameworksBuildPhase;
			buildActionMask = 2147483647;
			files = (
			);
			runOnlyForDeploymentPostprocessing = 0;
		};
		AD57DE681E9552190030F52A /* Frameworks */ = {
			isa = PBXFrameworksBuildPhase;
			buildActionMask = 2147483647;
			files = (
			);
			runOnlyForDeploymentPostprocessing = 0;
		};
/* End PBXFrameworksBuildPhase section */

/* Begin PBXGroup section */
		835AEC821D80DD7F0046555C = {
			isa = PBXGroup;
			children = (
				835AEC8D1D80DD800046555C /* RomanNumeralCalculator */,
				AD57DE5E1E95520E0030F52A /* RomanNumeralCalculatorTests */,
				AD57DE6C1E9552190030F52A /* RomanNumeralCalculatorUITests */,
				835AEC8C1D80DD800046555C /* Products */,
			);
			sourceTree = "<group>";
		};
		835AEC8C1D80DD800046555C /* Products */ = {
			isa = PBXGroup;
			children = (
				835AEC8B1D80DD800046555C /* RomanNumeralCalculator.app */,
				AD57DE5D1E95520E0030F52A /* RomanNumeralCalculatorTests.xctest */,
				AD57DE6B1E9552190030F52A /* RomanNumeralCalculatorUITests.xctest */,
			);
			name = Products;
			sourceTree = "<group>";
		};
		835AEC8D1D80DD800046555C /* RomanNumeralCalculator */ = {
			isa = PBXGroup;
			children = (
				835AEC8E1D80DD800046555C /* AppDelegate.swift */,
				835AEC901D80DD800046555C /* ViewController.swift */,
				835AECBC1D80ED8F0046555C /* RomanNumeral.swift */,
				835AEC951D80DD800046555C /* Assets.xcassets */,
				835AEC921D80DD800046555C /* Main.storyboard */,
				A91340101DE008F2005ED9CA /* LaunchScreen.xib */,
				835AEC9A1D80DD800046555C /* Info.plist */,
			);
			path = RomanNumeralCalculator;
			sourceTree = "<group>";
		};
		AD57DE5E1E95520E0030F52A /* RomanNumeralCalculatorTests */ = {
			isa = PBXGroup;
			children = (
				AD57DE5F1E95520E0030F52A /* RomanNumeralCalculatorTests.swift */,
				AD57DE611E95520F0030F52A /* Info.plist */,
			);
			path = RomanNumeralCalculatorTests;
			sourceTree = "<group>";
		};
		AD57DE6C1E9552190030F52A /* RomanNumeralCalculatorUITests */ = {
			isa = PBXGroup;
			children = (
				AD57DE6D1E9552190030F52A /* RomanNumeralCalculatorUITests.swift */,
				AD57DE6F1E9552190030F52A /* Info.plist */,
			);
			path = RomanNumeralCalculatorUITests;
			sourceTree = "<group>";
		};
/* End PBXGroup section */

/* Begin PBXNativeTarget section */
		835AEC8A1D80DD7F0046555C /* RomanNumeralCalculator */ = {
			isa = PBXNativeTarget;
			buildConfigurationList = 835AECB31D80DD800046555C /* Build configuration list for PBXNativeTarget "RomanNumeralCalculator" */;
			buildPhases = (
				835AEC871D80DD7F0046555C /* Sources */,
				835AEC881D80DD7F0046555C /* Frameworks */,
				835AEC891D80DD7F0046555C /* Resources */,
			);
			buildRules = (
			);
			dependencies = (
			);
			name = RomanNumeralCalculator;
			productName = RomanNumeralCalculator;
			productReference = 835AEC8B1D80DD800046555C /* RomanNumeralCalculator.app */;
			productType = "com.apple.product-type.application";
		};
		AD57DE5C1E95520E0030F52A /* RomanNumeralCalculatorTests */ = {
			isa = PBXNativeTarget;
			buildConfigurationList = AD57DE641E95520F0030F52A /* Build configuration list for PBXNativeTarget "RomanNumeralCalculatorTests" */;
			buildPhases = (
				AD57DE591E95520E0030F52A /* Sources */,
				AD57DE5A1E95520E0030F52A /* Frameworks */,
				AD57DE5B1E95520E0030F52A /* Resources */,
			);
			buildRules = (
			);
			dependencies = (
				AD57DE631E95520F0030F52A /* PBXTargetDependency */,
			);
			name = RomanNumeralCalculatorTests;
			productName = RomanNumeralCalculatorTests;
			productReference = AD57DE5D1E95520E0030F52A /* RomanNumeralCalculatorTests.xctest */;
			productType = "com.apple.product-type.bundle.unit-test";
		};
		AD57DE6A1E9552190030F52A /* RomanNumeralCalculatorUITests */ = {
			isa = PBXNativeTarget;
			buildConfigurationList = AD57DE721E9552190030F52A /* Build configuration list for PBXNativeTarget "RomanNumeralCalculatorUITests" */;
			buildPhases = (
				AD57DE671E9552190030F52A /* Sources */,
				AD57DE681E9552190030F52A /* Frameworks */,
				AD57DE691E9552190030F52A /* Resources */,
			);
			buildRules = (
			);
			dependencies = (
				AD57DE711E9552190030F52A /* PBXTargetDependency */,
			);
			name = RomanNumeralCalculatorUITests;
			productName = RomanNumeralCalculatorUITests;
			productReference = AD57DE6B1E9552190030F52A /* RomanNumeralCalculatorUITests.xctest */;
			productType = "com.apple.product-type.bundle.ui-testing";
		};
/* End PBXNativeTarget section */

/* Begin PBXProject section */
		835AEC831D80DD7F0046555C /* Project object */ = {
			isa = PBXProject;
			attributes = {
				LastSwiftUpdateCheck = 0830;
				LastUpgradeCheck = 0810;
				ORGANIZATIONNAME = buddybuild;
				TargetAttributes = {
					835AEC8A1D80DD7F0046555C = {
						CreatedOnToolsVersion = 7.3;
						DevelopmentTeam = CMWP53JFC4;
						LastSwiftMigration = 0810;
					};
					AD57DE5C1E95520E0030F52A = {
						CreatedOnToolsVersion = 8.3;
						DevelopmentTeam = CMWP53JFC4;
						ProvisioningStyle = Automatic;
						TestTargetID = 835AEC8A1D80DD7F0046555C;
					};
					AD57DE6A1E9552190030F52A = {
						CreatedOnToolsVersion = 8.3;
						DevelopmentTeam = CMWP53JFC4;
						ProvisioningStyle = Automatic;
						TestTargetID = 835AEC8A1D80DD7F0046555C;
					};
				};
			};
			buildConfigurationList = 835AEC861D80DD7F0046555C /* Build configuration list for PBXProject "RomanNumeralCalculator" */;
			compatibilityVersion = "Xcode 3.2";
			developmentRegion = English;
			hasScannedForEncodings = 0;
			knownRegions = (
				en,
				Base,
			);
			mainGroup = 835AEC821D80DD7F0046555C;
			productRefGroup = 835AEC8C1D80DD800046555C /* Products */;
			projectDirPath = "";
			projectRoot = "";
			targets = (
				835AEC8A1D80DD7F0046555C /* RomanNumeralCalculator */,
				AD57DE5C1E95520E0030F52A /* RomanNumeralCalculatorTests */,
				AD57DE6A1E9552190030F52A /* RomanNumeralCalculatorUITests */,
			);
		};
/* End PBXProject section */

/* Begin PBXResourcesBuildPhase section */
		835AEC891D80DD7F0046555C /* Resources */ = {
			isa = PBXResourcesBuildPhase;
			buildActionMask = 2147483647;
			files = (
				835AEC961D80DD800046555C /* Assets.xcassets in Resources */,
				A91340121DE008F2005ED9CA /* LaunchScreen.xib in Resources */,
				835AEC941D80DD800046555C /* Main.storyboard in Resources */,
			);
			runOnlyForDeploymentPostprocessing = 0;
		};
		AD57DE5B1E95520E0030F52A /* Resources */ = {
			isa = PBXResourcesBuildPhase;
			buildActionMask = 2147483647;
			files = (
			);
			runOnlyForDeploymentPostprocessing = 0;
		};
		AD57DE691E9552190030F52A /* Resources */ = {
			isa = PBXResourcesBuildPhase;
			buildActionMask = 2147483647;
			files = (
			);
			runOnlyForDeploymentPostprocessing = 0;
		};
/* End PBXResourcesBuildPhase section */

/* Begin PBXSourcesBuildPhase section */
		835AEC871D80DD7F0046555C /* Sources */ = {
			isa = PBXSourcesBuildPhase;
			buildActionMask = 2147483647;
			files = (
				835AEC911D80DD800046555C /* ViewController.swift in Sources */,
				835AECBD1D80ED8F0046555C /* RomanNumeral.swift in Sources */,
				835AEC8F1D80DD800046555C /* AppDelegate.swift in Sources */,
			);
			runOnlyForDeploymentPostprocessing = 0;
		};
		AD57DE591E95520E0030F52A /* Sources */ = {
			isa = PBXSourcesBuildPhase;
			buildActionMask = 2147483647;
			files = (
				AD57DE601E95520F0030F52A /* RomanNumeralCalculatorTests.swift in Sources */,
			);
			runOnlyForDeploymentPostprocessing = 0;
		};
		AD57DE671E9552190030F52A /* Sources */ = {
			isa = PBXSourcesBuildPhase;
			buildActionMask = 2147483647;
			files = (
				AD57DE6E1E9552190030F52A /* RomanNumeralCalculatorUITests.swift in Sources */,
			);
			runOnlyForDeploymentPostprocessing = 0;
		};
/* End PBXSourcesBuildPhase section */

/* Begin PBXTargetDependency section */
		AD57DE631E95520F0030F52A /* PBXTargetDependency */ = {
			isa = PBXTargetDependency;
			target = 835AEC8A1D80DD7F0046555C /* RomanNumeralCalculator */;
			targetProxy = AD57DE621E95520F0030F52A /* PBXContainerItemProxy */;
		};
		AD57DE711E9552190030F52A /* PBXTargetDependency */ = {
			isa = PBXTargetDependency;
			target = 835AEC8A1D80DD7F0046555C /* RomanNumeralCalculator */;
			targetProxy = AD57DE701E9552190030F52A /* PBXContainerItemProxy */;
		};
/* End PBXTargetDependency section */

/* Begin PBXVariantGroup section */
		835AEC921D80DD800046555C /* Main.storyboard */ = {
			isa = PBXVariantGroup;
			children = (
				835AEC931D80DD800046555C /* Base */,
			);
			name = Main.storyboard;
			sourceTree = "<group>";
		};
		A91340101DE008F2005ED9CA /* LaunchScreen.xib */ = {
			isa = PBXVariantGroup;
			children = (
				A91340111DE008F2005ED9CA /* Base */,
			);
			name = LaunchScreen.xib;
			sourceTree = "<group>";
		};
/* End PBXVariantGroup section */

/* Begin XCBuildConfiguration section */
		835AECB11D80DD800046555C /* Debug */ = {
			isa = XCBuildConfiguration;
			buildSettings = {
				ALWAYS_SEARCH_USER_PATHS = NO;
				CLANG_ANALYZER_NONNULL = YES;
				CLANG_CXX_LANGUAGE_STANDARD = "gnu++0x";
				CLANG_CXX_LIBRARY = "libc++";
				CLANG_ENABLE_MODULES = YES;
				CLANG_ENABLE_OBJC_ARC = YES;
				CLANG_WARN_BOOL_CONVERSION = YES;
				CLANG_WARN_CONSTANT_CONVERSION = YES;
				CLANG_WARN_DIRECT_OBJC_ISA_USAGE = YES_ERROR;
				CLANG_WARN_EMPTY_BODY = YES;
				CLANG_WARN_ENUM_CONVERSION = YES;
				CLANG_WARN_INFINITE_RECURSION = YES;
				CLANG_WARN_INT_CONVERSION = YES;
				CLANG_WARN_OBJC_ROOT_CLASS = YES_ERROR;
				CLANG_WARN_SUSPICIOUS_MOVE = YES;
				CLANG_WARN_UNREACHABLE_CODE = YES;
				CLANG_WARN__DUPLICATE_METHOD_MATCH = YES;
				"CODE_SIGN_IDENTITY[sdk=iphoneos*]" = "iPhone Developer";
				COPY_PHASE_STRIP = NO;
				DEBUG_INFORMATION_FORMAT = dwarf;
				ENABLE_STRICT_OBJC_MSGSEND = YES;
				ENABLE_TESTABILITY = YES;
				GCC_C_LANGUAGE_STANDARD = gnu99;
				GCC_DYNAMIC_NO_PIC = NO;
				GCC_NO_COMMON_BLOCKS = YES;
				GCC_OPTIMIZATION_LEVEL = 0;
				GCC_PREPROCESSOR_DEFINITIONS = (
					"DEBUG=1",
					"$(inherited)",
				);
				GCC_WARN_64_TO_32_BIT_CONVERSION = YES;
				GCC_WARN_ABOUT_RETURN_TYPE = YES_ERROR;
				GCC_WARN_UNDECLARED_SELECTOR = YES;
				GCC_WARN_UNINITIALIZED_AUTOS = YES_AGGRESSIVE;
				GCC_WARN_UNUSED_FUNCTION = YES;
				GCC_WARN_UNUSED_VARIABLE = YES;
				IPHONEOS_DEPLOYMENT_TARGET = 9.3;
				MTL_ENABLE_DEBUG_INFO = YES;
				ONLY_ACTIVE_ARCH = YES;
				SDKROOT = iphoneos;
				SWIFT_OPTIMIZATION_LEVEL = "-Onone";
				TARGETED_DEVICE_FAMILY = "1,2";
			};
			name = Debug;
		};
		835AECB21D80DD800046555C /* Release */ = {
			isa = XCBuildConfiguration;
			buildSettings = {
				ALWAYS_SEARCH_USER_PATHS = NO;
				CLANG_ANALYZER_NONNULL = YES;
				CLANG_CXX_LANGUAGE_STANDARD = "gnu++0x";
				CLANG_CXX_LIBRARY = "libc++";
				CLANG_ENABLE_MODULES = YES;
				CLANG_ENABLE_OBJC_ARC = YES;
				CLANG_WARN_BOOL_CONVERSION = YES;
				CLANG_WARN_CONSTANT_CONVERSION = YES;
				CLANG_WARN_DIRECT_OBJC_ISA_USAGE = YES_ERROR;
				CLANG_WARN_EMPTY_BODY = YES;
				CLANG_WARN_ENUM_CONVERSION = YES;
				CLANG_WARN_INFINITE_RECURSION = YES;
				CLANG_WARN_INT_CONVERSION = YES;
				CLANG_WARN_OBJC_ROOT_CLASS = YES_ERROR;
				CLANG_WARN_SUSPICIOUS_MOVE = YES;
				CLANG_WARN_UNREACHABLE_CODE = YES;
				CLANG_WARN__DUPLICATE_METHOD_MATCH = YES;
				"CODE_SIGN_IDENTITY[sdk=iphoneos*]" = "iPhone Developer";
				COPY_PHASE_STRIP = NO;
				DEBUG_INFORMATION_FORMAT = "dwarf-with-dsym";
				ENABLE_NS_ASSERTIONS = NO;
				ENABLE_STRICT_OBJC_MSGSEND = YES;
				GCC_C_LANGUAGE_STANDARD = gnu99;
				GCC_NO_COMMON_BLOCKS = YES;
				GCC_WARN_64_TO_32_BIT_CONVERSION = YES;
				GCC_WARN_ABOUT_RETURN_TYPE = YES_ERROR;
				GCC_WARN_UNDECLARED_SELECTOR = YES;
				GCC_WARN_UNINITIALIZED_AUTOS = YES_AGGRESSIVE;
				GCC_WARN_UNUSED_FUNCTION = YES;
				GCC_WARN_UNUSED_VARIABLE = YES;
				IPHONEOS_DEPLOYMENT_TARGET = 9.3;
				MTL_ENABLE_DEBUG_INFO = NO;
				SDKROOT = iphoneos;
				SWIFT_OPTIMIZATION_LEVEL = "-Owholemodule";
				TARGETED_DEVICE_FAMILY = "1,2";
				VALIDATE_PRODUCT = YES;
			};
			name = Release;
		};
		835AECB41D80DD800046555C /* Debug */ = {
			isa = XCBuildConfiguration;
			buildSettings = {
				ASSETCATALOG_COMPILER_APPICON_NAME = AppIcon;
				CODE_SIGN_IDENTITY = "iPhone Developer";
				"CODE_SIGN_IDENTITY[sdk=iphoneos*]" = "iPhone Developer";
				DEVELOPMENT_TEAM = CMWP53JFC4;
				FRAMEWORK_SEARCH_PATHS = (
					"$(inherited)",
					"$(PROJECT_DIR)",
				);
				INFOPLIST_FILE = RomanNumeralCalculator/Info.plist;
				LD_RUNPATH_SEARCH_PATHS = "$(inherited) @executable_path/Frameworks";
				PRODUCT_BUNDLE_IDENTIFIER = com.panovdev.RomanNumeralCalculator;
				PRODUCT_NAME = "$(TARGET_NAME)";
				PROVISIONING_PROFILE = "";
				SWIFT_INSTALL_OBJC_HEADER = NO;
				SWIFT_VERSION = 3.0;
			};
			name = Debug;
		};
		835AECB51D80DD800046555C /* Release */ = {
			isa = XCBuildConfiguration;
			buildSettings = {
				ASSETCATALOG_COMPILER_APPICON_NAME = AppIcon;
				CODE_SIGN_IDENTITY = "iPhone Developer";
				"CODE_SIGN_IDENTITY[sdk=iphoneos*]" = "iPhone Developer";
				DEVELOPMENT_TEAM = CMWP53JFC4;
				FRAMEWORK_SEARCH_PATHS = (
					"$(inherited)",
					"$(PROJECT_DIR)",
				);
				INFOPLIST_FILE = RomanNumeralCalculator/Info.plist;
				LD_RUNPATH_SEARCH_PATHS = "$(inherited) @executable_path/Frameworks";
				PRODUCT_BUNDLE_IDENTIFIER = com.panovdev.RomanNumeralCalculator;
				PRODUCT_NAME = "$(TARGET_NAME)";
				PROVISIONING_PROFILE = "";
				SWIFT_INSTALL_OBJC_HEADER = NO;
				SWIFT_VERSION = 3.0;
			};
			name = Release;
		};
		AD57DE651E95520F0030F52A /* Debug */ = {
			isa = XCBuildConfiguration;
			buildSettings = {
				BUNDLE_LOADER = "$(TEST_HOST)";
				CLANG_ANALYZER_NUMBER_OBJECT_CONVERSION = YES_AGGRESSIVE;
				CLANG_WARN_DOCUMENTATION_COMMENTS = YES;
				DEVELOPMENT_TEAM = CMWP53JFC4;
				INFOPLIST_FILE = RomanNumeralCalculatorTests/Info.plist;
				IPHONEOS_DEPLOYMENT_TARGET = 10.3;
				LD_RUNPATH_SEARCH_PATHS = "$(inherited) @executable_path/Frameworks @loader_path/Frameworks";
				PRODUCT_BUNDLE_IDENTIFIER = com.panov.RomanNumeralCalculatorTests;
				PRODUCT_NAME = "$(TARGET_NAME)";
				SWIFT_ACTIVE_COMPILATION_CONDITIONS = DEBUG;
				SWIFT_VERSION = 3.0;
				TEST_HOST = "$(BUILT_PRODUCTS_DIR)/RomanNumeralCalculator.app/RomanNumeralCalculator";
			};
			name = Debug;
		};
		AD57DE661E95520F0030F52A /* Release */ = {
			isa = XCBuildConfiguration;
			buildSettings = {
				BUNDLE_LOADER = "$(TEST_HOST)";
				CLANG_ANALYZER_NUMBER_OBJECT_CONVERSION = YES_AGGRESSIVE;
				CLANG_WARN_DOCUMENTATION_COMMENTS = YES;
				DEVELOPMENT_TEAM = CMWP53JFC4;
				INFOPLIST_FILE = RomanNumeralCalculatorTests/Info.plist;
				IPHONEOS_DEPLOYMENT_TARGET = 10.3;
				LD_RUNPATH_SEARCH_PATHS = "$(inherited) @executable_path/Frameworks @loader_path/Frameworks";
				PRODUCT_BUNDLE_IDENTIFIER = com.panov.RomanNumeralCalculatorTests;
				PRODUCT_NAME = "$(TARGET_NAME)";
				SWIFT_VERSION = 3.0;
				TEST_HOST = "$(BUILT_PRODUCTS_DIR)/RomanNumeralCalculator.app/RomanNumeralCalculator";
			};
			name = Release;
		};
		AD57DE731E9552190030F52A /* Debug */ = {
			isa = XCBuildConfiguration;
			buildSettings = {
				CLANG_ANALYZER_NUMBER_OBJECT_CONVERSION = YES_AGGRESSIVE;
				CLANG_WARN_DOCUMENTATION_COMMENTS = YES;
				DEVELOPMENT_TEAM = CMWP53JFC4;
				INFOPLIST_FILE = RomanNumeralCalculatorUITests/Info.plist;
				IPHONEOS_DEPLOYMENT_TARGET = 10.3;
				LD_RUNPATH_SEARCH_PATHS = "$(inherited) @executable_path/Frameworks @loader_path/Frameworks";
				PRODUCT_BUNDLE_IDENTIFIER = com.panov.RomanNumeralCalculatorUITests;
				PRODUCT_NAME = "$(TARGET_NAME)";
				SWIFT_ACTIVE_COMPILATION_CONDITIONS = DEBUG;
				SWIFT_VERSION = 3.0;
				TEST_TARGET_NAME = RomanNumeralCalculator;
			};
			name = Debug;
		};
		AD57DE741E9552190030F52A /* Release */ = {
			isa = XCBuildConfiguration;
			buildSettings = {
				CLANG_ANALYZER_NUMBER_OBJECT_CONVERSION = YES_AGGRESSIVE;
				CLANG_WARN_DOCUMENTATION_COMMENTS = YES;
				DEVELOPMENT_TEAM = CMWP53JFC4;
				INFOPLIST_FILE = RomanNumeralCalculatorUITests/Info.plist;
				IPHONEOS_DEPLOYMENT_TARGET = 10.3;
				LD_RUNPATH_SEARCH_PATHS = "$(inherited) @executable_path/Frameworks @loader_path/Frameworks";
				PRODUCT_BUNDLE_IDENTIFIER = com.panov.RomanNumeralCalculatorUITests;
				PRODUCT_NAME = "$(TARGET_NAME)";
				SWIFT_VERSION = 3.0;
				TEST_TARGET_NAME = RomanNumeralCalculator;
			};
			name = Release;
		};
/* End XCBuildConfiguration section */

/* Begin XCConfigurationList section */
		835AEC861D80DD7F0046555C /* Build configuration list for PBXProject "RomanNumeralCalculator" */ = {
			isa = XCConfigurationList;
			buildConfigurations = (
				835AECB11D80DD800046555C /* Debug */,
				835AECB21D80DD800046555C /* Release */,
			);
			defaultConfigurationIsVisible = 0;
			defaultConfigurationName = Release;
		};
		835AECB31D80DD800046555C /* Build configuration list for PBXNativeTarget "RomanNumeralCalculator" */ = {
			isa = XCConfigurationList;
			buildConfigurations = (
				835AECB41D80DD800046555C /* Debug */,
				835AECB51D80DD800046555C /* Release */,
			);
			defaultConfigurationIsVisible = 0;
			defaultConfigurationName = Release;
		};
		AD57DE641E95520F0030F52A /* Build configuration list for PBXNativeTarget "RomanNumeralCalculatorTests" */ = {
			isa = XCConfigurationList;
			buildConfigurations = (
				AD57DE651E95520F0030F52A /* Debug */,
				AD57DE661E95520F0030F52A /* Release */,
			);
			defaultConfigurationIsVisible = 0;
		};
		AD57DE721E9552190030F52A /* Build configuration list for PBXNativeTarget "RomanNumeralCalculatorUITests" */ = {
			isa = XCConfigurationList;
			buildConfigurations = (
				AD57DE731E9552190030F52A /* Debug */,
				AD57DE741E9552190030F52A /* Release */,
			);
			defaultConfigurationIsVisible = 0;
		};
/* End XCConfigurationList section */
	};
	rootObject = 835AEC831D80DD7F0046555C /* Project object */;
}
